// !$*UTF8*$!
{
	archiveVersion = 1;
	classes = {
	};
	objectVersion = 48;
	objects = {

/* Begin PBXBuildFile section */
		330F747821ABBA9300F420B0 /* LaunchScreen.storyboard in Resources */ = {isa = PBXBuildFile; fileRef = 330F746B21ABBA9300F420B0 /* LaunchScreen.storyboard */; };
		330F747921ABBA9300F420B0 /* Main.storyboard in Resources */ = {isa = PBXBuildFile; fileRef = 330F746D21ABBA9300F420B0 /* Main.storyboard */; };
		330F747A21ABBA9300F420B0 /* MakerViewController.swift in Sources */ = {isa = PBXBuildFile; fileRef = 330F747021ABBA9300F420B0 /* MakerViewController.swift */; };
		330F747B21ABBA9300F420B0 /* Alert.swift in Sources */ = {isa = PBXBuildFile; fileRef = 330F747221ABBA9300F420B0 /* Alert.swift */; };
		330F747C21ABBA9300F420B0 /* String+subscript.swift in Sources */ = {isa = PBXBuildFile; fileRef = 330F747321ABBA9300F420B0 /* String+subscript.swift */; };
		330F747D21ABBA9300F420B0 /* AppDelegate.swift in Sources */ = {isa = PBXBuildFile; fileRef = 330F747421ABBA9300F420B0 /* AppDelegate.swift */; };
		330F747E21ABBA9300F420B0 /* Assets.xcassets in Resources */ = {isa = PBXBuildFile; fileRef = 330F747621ABBA9300F420B0 /* Assets.xcassets */; };
		337055CB21CC77F6001B253C /* Intents.framework in Frameworks */ = {isa = PBXBuildFile; fileRef = 337055CA21CC77F6001B253C /* Intents.framework */; };
		3373980A21ABBC1E000529EF /* UIImage+Extensions.swift in Sources */ = {isa = PBXBuildFile; fileRef = 3373980921ABBC1E000529EF /* UIImage+Extensions.swift */; };
		33D2213F21AFDF0900FBFEA7 /* Constants.swift in Sources */ = {isa = PBXBuildFile; fileRef = 33D2213E21AFDF0900FBFEA7 /* Constants.swift */; };
/* End PBXBuildFile section */

/* Begin PBXCopyFilesBuildPhase section */
		33CD2A3E20FAE636004A4CB3 /* Embed App Extensions */ = {
			isa = PBXCopyFilesBuildPhase;
			buildActionMask = 2147483647;
			dstPath = "";
			dstSubfolderSpec = 13;
			files = (
			);
			name = "Embed App Extensions";
			runOnlyForDeploymentPostprocessing = 0;
		};
/* End PBXCopyFilesBuildPhase section */

/* Begin PBXFileReference section */
		330F746C21ABBA9300F420B0 /* Base */ = {isa = PBXFileReference; lastKnownFileType = file.storyboard; name = Base; path = Base.lproj/LaunchScreen.storyboard; sourceTree = "<group>"; };
		330F746E21ABBA9300F420B0 /* Base */ = {isa = PBXFileReference; lastKnownFileType = file.storyboard; name = Base; path = Base.lproj/Main.storyboard; sourceTree = "<group>"; };
		330F747021ABBA9300F420B0 /* MakerViewController.swift */ = {isa = PBXFileReference; fileEncoding = 4; lastKnownFileType = sourcecode.swift; path = MakerViewController.swift; sourceTree = "<group>"; };
		330F747221ABBA9300F420B0 /* Alert.swift */ = {isa = PBXFileReference; fileEncoding = 4; lastKnownFileType = sourcecode.swift; path = Alert.swift; sourceTree = "<group>"; };
		330F747321ABBA9300F420B0 /* String+subscript.swift */ = {isa = PBXFileReference; fileEncoding = 4; lastKnownFileType = sourcecode.swift; path = "String+subscript.swift"; sourceTree = "<group>"; };
		330F747421ABBA9300F420B0 /* AppDelegate.swift */ = {isa = PBXFileReference; fileEncoding = 4; lastKnownFileType = sourcecode.swift; path = AppDelegate.swift; sourceTree = "<group>"; };
		330F747621ABBA9300F420B0 /* Assets.xcassets */ = {isa = PBXFileReference; lastKnownFileType = folder.assetcatalog; path = Assets.xcassets; sourceTree = "<group>"; };
		330F747721ABBA9300F420B0 /* Info.plist */ = {isa = PBXFileReference; fileEncoding = 4; lastKnownFileType = text.plist.xml; path = Info.plist; sourceTree = "<group>"; };
		337055C821CC7798001B253C /* ColorFull.entitlements */ = {isa = PBXFileReference; lastKnownFileType = text.plist.entitlements; path = ColorFull.entitlements; sourceTree = "<group>"; };
		337055CA21CC77F6001B253C /* Intents.framework */ = {isa = PBXFileReference; lastKnownFileType = wrapper.framework; name = Intents.framework; path = System/Library/Frameworks/Intents.framework; sourceTree = SDKROOT; };
		3373980921ABBC1E000529EF /* UIImage+Extensions.swift */ = {isa = PBXFileReference; lastKnownFileType = sourcecode.swift; path = "UIImage+Extensions.swift"; sourceTree = "<group>"; };
		33CF3A84204F084B000823BF /* ColorFull.app */ = {isa = PBXFileReference; explicitFileType = wrapper.application; includeInIndex = 0; path = ColorFull.app; sourceTree = BUILT_PRODUCTS_DIR; };
		33D2213E21AFDF0900FBFEA7 /* Constants.swift */ = {isa = PBXFileReference; lastKnownFileType = sourcecode.swift; path = Constants.swift; sourceTree = "<group>"; };
/* End PBXFileReference section */

/* Begin PBXFrameworksBuildPhase section */
		33CF3A81204F084B000823BF /* Frameworks */ = {
			isa = PBXFrameworksBuildPhase;
			buildActionMask = 2147483647;
			files = (
				337055CB21CC77F6001B253C /* Intents.framework in Frameworks */,
			);
			runOnlyForDeploymentPostprocessing = 0;
		};
/* End PBXFrameworksBuildPhase section */

/* Begin PBXGroup section */
		330F746921ABBA9300F420B0 /* ColorFull */ = {
			isa = PBXGroup;
			children = (
				337055C821CC7798001B253C /* ColorFull.entitlements */,
				330F747121ABBA9300F420B0 /* Model */,
				330F746F21ABBA9300F420B0 /* Controller */,
				330F746A21ABBA9300F420B0 /* Storyboards */,
				330F747521ABBA9300F420B0 /* Assets */,
				330F747721ABBA9300F420B0 /* Info.plist */,
			);
			path = ColorFull;
			sourceTree = "<group>";
		};
		330F746A21ABBA9300F420B0 /* Storyboards */ = {
			isa = PBXGroup;
			children = (
				330F746D21ABBA9300F420B0 /* Main.storyboard */,
				330F746B21ABBA9300F420B0 /* LaunchScreen.storyboard */,
			);
			path = Storyboards;
			sourceTree = "<group>";
		};
		330F746F21ABBA9300F420B0 /* Controller */ = {
			isa = PBXGroup;
			children = (
				330F747021ABBA9300F420B0 /* MakerViewController.swift */,
			);
			path = Controller;
			sourceTree = "<group>";
		};
		330F747121ABBA9300F420B0 /* Model */ = {
			isa = PBXGroup;
			children = (
				330F747221ABBA9300F420B0 /* Alert.swift */,
				330F747321ABBA9300F420B0 /* String+subscript.swift */,
				3373980921ABBC1E000529EF /* UIImage+Extensions.swift */,
				33D2213E21AFDF0900FBFEA7 /* Constants.swift */,
			);
			path = Model;
			sourceTree = "<group>";
		};
		330F747521ABBA9300F420B0 /* Assets */ = {
			isa = PBXGroup;
			children = (
				330F747621ABBA9300F420B0 /* Assets.xcassets */,
			);
			path = Assets;
			sourceTree = "<group>";
		};
		337055C921CC77F5001B253C /* Frameworks */ = {
			isa = PBXGroup;
			children = (
				337055CA21CC77F6001B253C /* Intents.framework */,
			);
			name = Frameworks;
			sourceTree = "<group>";
		};
		33CF3A7B204F084B000823BF = {
			isa = PBXGroup;
			children = (
				330F747421ABBA9300F420B0 /* AppDelegate.swift */,
				330F746921ABBA9300F420B0 /* ColorFull */,
				33CF3A85204F084B000823BF /* Products */,
				337055C921CC77F5001B253C /* Frameworks */,
			);
			sourceTree = "<group>";
		};
		33CF3A85204F084B000823BF /* Products */ = {
			isa = PBXGroup;
			children = (
				33CF3A84204F084B000823BF /* ColorFull.app */,
			);
			name = Products;
			sourceTree = "<group>";
		};
/* End PBXGroup section */

/* Begin PBXNativeTarget section */
		33CF3A83204F084B000823BF /* ColorFull */ = {
			isa = PBXNativeTarget;
			buildConfigurationList = 33CF3A96204F084C000823BF /* Build configuration list for PBXNativeTarget "ColorFull" */;
			buildPhases = (
				33CF3A80204F084B000823BF /* Sources */,
				33CF3A81204F084B000823BF /* Frameworks */,
				33CF3A82204F084B000823BF /* Resources */,
				33CD2A3E20FAE636004A4CB3 /* Embed App Extensions */,
				33A96D1421B64EAA001809CD /* ShellScript */,
			);
			buildRules = (
			);
			dependencies = (
			);
			name = ColorFull;
			productName = "Color Maker";
			productReference = 33CF3A84204F084B000823BF /* ColorFull.app */;
			productType = "com.apple.product-type.application";
		};
/* End PBXNativeTarget section */

/* Begin PBXProject section */
		33CF3A7C204F084B000823BF /* Project object */ = {
			isa = PBXProject;
			attributes = {
				LastSwiftUpdateCheck = 0940;
				LastUpgradeCheck = 1010;
				ORGANIZATIONNAME = "Dani Springer";
				TargetAttributes = {
					33CF3A83204F084B000823BF = {
						CreatedOnToolsVersion = 9.2;
						LastSwiftMigration = 1000;
						ProvisioningStyle = Automatic;
						SystemCapabilities = {
							com.apple.Siri = {
								enabled = 1;
							};
						};
					};
				};
			};
			buildConfigurationList = 33CF3A7F204F084B000823BF /* Build configuration list for PBXProject "ColorFull" */;
			compatibilityVersion = "Xcode 8.0";
			developmentRegion = en;
			hasScannedForEncodings = 0;
			knownRegions = (
				en,
				Base,
			);
			mainGroup = 33CF3A7B204F084B000823BF;
			productRefGroup = 33CF3A85204F084B000823BF /* Products */;
			projectDirPath = "";
			projectRoot = "";
			targets = (
				33CF3A83204F084B000823BF /* ColorFull */,
			);
		};
/* End PBXProject section */

/* Begin PBXResourcesBuildPhase section */
		33CF3A82204F084B000823BF /* Resources */ = {
			isa = PBXResourcesBuildPhase;
			buildActionMask = 2147483647;
			files = (
				330F747921ABBA9300F420B0 /* Main.storyboard in Resources */,
				330F747821ABBA9300F420B0 /* LaunchScreen.storyboard in Resources */,
				330F747E21ABBA9300F420B0 /* Assets.xcassets in Resources */,
			);
			runOnlyForDeploymentPostprocessing = 0;
		};
/* End PBXResourcesBuildPhase section */

/* Begin PBXShellScriptBuildPhase section */
		33A96D1421B64EAA001809CD /* ShellScript */ = {
			isa = PBXShellScriptBuildPhase;
			buildActionMask = 2147483647;
			files = (
			);
			inputFileListPaths = (
			);
			inputPaths = (
			);
			outputFileListPaths = (
			);
			outputPaths = (
			);
			runOnlyForDeploymentPostprocessing = 0;
			shellPath = /bin/sh;
			shellScript = "# Type a script or drag a script file from your workspace to insert its path.\nif which swiftlint >/dev/null; then\nswiftlint\nelse\necho \"warning: SwiftLint not installed, download from https://github.com/realm/SwiftLint\"\nfi\n";
		};
/* End PBXShellScriptBuildPhase section */

/* Begin PBXSourcesBuildPhase section */
		33CF3A80204F084B000823BF /* Sources */ = {
			isa = PBXSourcesBuildPhase;
			buildActionMask = 2147483647;
			files = (
				330F747C21ABBA9300F420B0 /* String+subscript.swift in Sources */,
				330F747D21ABBA9300F420B0 /* AppDelegate.swift in Sources */,
				3373980A21ABBC1E000529EF /* UIImage+Extensions.swift in Sources */,
				330F747A21ABBA9300F420B0 /* MakerViewController.swift in Sources */,
				330F747B21ABBA9300F420B0 /* Alert.swift in Sources */,
				33D2213F21AFDF0900FBFEA7 /* Constants.swift in Sources */,
			);
			runOnlyForDeploymentPostprocessing = 0;
		};
/* End PBXSourcesBuildPhase section */

/* Begin PBXVariantGroup section */
		330F746B21ABBA9300F420B0 /* LaunchScreen.storyboard */ = {
			isa = PBXVariantGroup;
			children = (
				330F746C21ABBA9300F420B0 /* Base */,
			);
			name = LaunchScreen.storyboard;
			sourceTree = "<group>";
		};
		330F746D21ABBA9300F420B0 /* Main.storyboard */ = {
			isa = PBXVariantGroup;
			children = (
				330F746E21ABBA9300F420B0 /* Base */,
			);
			name = Main.storyboard;
			sourceTree = "<group>";
		};
/* End PBXVariantGroup section */

/* Begin XCBuildConfiguration section */
		33CF3A94204F084C000823BF /* Debug */ = {
			isa = XCBuildConfiguration;
			buildSettings = {
				ALWAYS_SEARCH_USER_PATHS = NO;
				CLANG_ANALYZER_NONNULL = YES;
				CLANG_ANALYZER_NUMBER_OBJECT_CONVERSION = YES_AGGRESSIVE;
				CLANG_CXX_LANGUAGE_STANDARD = "gnu++14";
				CLANG_CXX_LIBRARY = "libc++";
				CLANG_ENABLE_MODULES = YES;
				CLANG_ENABLE_OBJC_ARC = YES;
				CLANG_WARN_BLOCK_CAPTURE_AUTORELEASING = YES;
				CLANG_WARN_BOOL_CONVERSION = YES;
				CLANG_WARN_COMMA = YES;
				CLANG_WARN_CONSTANT_CONVERSION = YES;
				CLANG_WARN_DEPRECATED_OBJC_IMPLEMENTATIONS = YES;
				CLANG_WARN_DIRECT_OBJC_ISA_USAGE = YES_ERROR;
				CLANG_WARN_DOCUMENTATION_COMMENTS = YES;
				CLANG_WARN_EMPTY_BODY = YES;
				CLANG_WARN_ENUM_CONVERSION = YES;
				CLANG_WARN_INFINITE_RECURSION = YES;
				CLANG_WARN_INT_CONVERSION = YES;
				CLANG_WARN_NON_LITERAL_NULL_CONVERSION = YES;
				CLANG_WARN_OBJC_IMPLICIT_RETAIN_SELF = YES;
				CLANG_WARN_OBJC_LITERAL_CONVERSION = YES;
				CLANG_WARN_OBJC_ROOT_CLASS = YES_ERROR;
				CLANG_WARN_RANGE_LOOP_ANALYSIS = YES;
				CLANG_WARN_STRICT_PROTOTYPES = YES;
				CLANG_WARN_SUSPICIOUS_MOVE = YES;
				CLANG_WARN_UNGUARDED_AVAILABILITY = YES_AGGRESSIVE;
				CLANG_WARN_UNREACHABLE_CODE = YES;
				CLANG_WARN__DUPLICATE_METHOD_MATCH = YES;
				CODE_SIGN_IDENTITY = "iPhone Developer";
				COPY_PHASE_STRIP = NO;
				DEBUG_INFORMATION_FORMAT = dwarf;
				ENABLE_STRICT_OBJC_MSGSEND = YES;
				ENABLE_TESTABILITY = YES;
				GCC_C_LANGUAGE_STANDARD = gnu11;
				GCC_DYNAMIC_NO_PIC = NO;
				GCC_NO_COMMON_BLOCKS = YES;
				GCC_OPTIMIZATION_LEVEL = 0;
				GCC_PREPROCESSOR_DEFINITIONS = (
					"DEBUG=1",
					"$(inherited)",
				);
				GCC_WARN_64_TO_32_BIT_CONVERSION = YES;
				GCC_WARN_ABOUT_RETURN_TYPE = YES_ERROR;
				GCC_WARN_UNDECLARED_SELECTOR = YES;
				GCC_WARN_UNINITIALIZED_AUTOS = YES_AGGRESSIVE;
				GCC_WARN_UNUSED_FUNCTION = YES;
				GCC_WARN_UNUSED_VARIABLE = YES;
				IPHONEOS_DEPLOYMENT_TARGET = 11.4;
				MTL_ENABLE_DEBUG_INFO = YES;
				ONLY_ACTIVE_ARCH = YES;
				SDKROOT = iphoneos;
				SWIFT_ACTIVE_COMPILATION_CONDITIONS = DEBUG;
				SWIFT_OPTIMIZATION_LEVEL = "-Onone";
			};
			name = Debug;
		};
		33CF3A95204F084C000823BF /* Release */ = {
			isa = XCBuildConfiguration;
			buildSettings = {
				ALWAYS_SEARCH_USER_PATHS = NO;
				CLANG_ANALYZER_NONNULL = YES;
				CLANG_ANALYZER_NUMBER_OBJECT_CONVERSION = YES_AGGRESSIVE;
				CLANG_CXX_LANGUAGE_STANDARD = "gnu++14";
				CLANG_CXX_LIBRARY = "libc++";
				CLANG_ENABLE_MODULES = YES;
				CLANG_ENABLE_OBJC_ARC = YES;
				CLANG_WARN_BLOCK_CAPTURE_AUTORELEASING = YES;
				CLANG_WARN_BOOL_CONVERSION = YES;
				CLANG_WARN_COMMA = YES;
				CLANG_WARN_CONSTANT_CONVERSION = YES;
				CLANG_WARN_DEPRECATED_OBJC_IMPLEMENTATIONS = YES;
				CLANG_WARN_DIRECT_OBJC_ISA_USAGE = YES_ERROR;
				CLANG_WARN_DOCUMENTATION_COMMENTS = YES;
				CLANG_WARN_EMPTY_BODY = YES;
				CLANG_WARN_ENUM_CONVERSION = YES;
				CLANG_WARN_INFINITE_RECURSION = YES;
				CLANG_WARN_INT_CONVERSION = YES;
				CLANG_WARN_NON_LITERAL_NULL_CONVERSION = YES;
				CLANG_WARN_OBJC_IMPLICIT_RETAIN_SELF = YES;
				CLANG_WARN_OBJC_LITERAL_CONVERSION = YES;
				CLANG_WARN_OBJC_ROOT_CLASS = YES_ERROR;
				CLANG_WARN_RANGE_LOOP_ANALYSIS = YES;
				CLANG_WARN_STRICT_PROTOTYPES = YES;
				CLANG_WARN_SUSPICIOUS_MOVE = YES;
				CLANG_WARN_UNGUARDED_AVAILABILITY = YES_AGGRESSIVE;
				CLANG_WARN_UNREACHABLE_CODE = YES;
				CLANG_WARN__DUPLICATE_METHOD_MATCH = YES;
				CODE_SIGN_IDENTITY = "iPhone Developer";
				COPY_PHASE_STRIP = NO;
				DEBUG_INFORMATION_FORMAT = "dwarf-with-dsym";
				ENABLE_NS_ASSERTIONS = NO;
				ENABLE_STRICT_OBJC_MSGSEND = YES;
				GCC_C_LANGUAGE_STANDARD = gnu11;
				GCC_NO_COMMON_BLOCKS = YES;
				GCC_WARN_64_TO_32_BIT_CONVERSION = YES;
				GCC_WARN_ABOUT_RETURN_TYPE = YES_ERROR;
				GCC_WARN_UNDECLARED_SELECTOR = YES;
				GCC_WARN_UNINITIALIZED_AUTOS = YES_AGGRESSIVE;
				GCC_WARN_UNUSED_FUNCTION = YES;
				GCC_WARN_UNUSED_VARIABLE = YES;
				IPHONEOS_DEPLOYMENT_TARGET = 11.4;
				MTL_ENABLE_DEBUG_INFO = NO;
				SDKROOT = iphoneos;
				SWIFT_OPTIMIZATION_LEVEL = "-Owholemodule";
				VALIDATE_PRODUCT = YES;
			};
			name = Release;
		};
		33CF3A97204F084C000823BF /* Debug */ = {
			isa = XCBuildConfiguration;
			buildSettings = {
				ASSETCATALOG_COMPILER_APPICON_NAME = AppIcon;
				CODE_SIGN_ENTITLEMENTS = ColorFull/ColorFull.entitlements;
				CODE_SIGN_IDENTITY = "iPhone Developer";
				CODE_SIGN_STYLE = Automatic;
				DEVELOPMENT_TEAM = JMVGHP3288;
				INFOPLIST_FILE = "$(SRCROOT)/ColorFull/Info.plist";
				IPHONEOS_DEPLOYMENT_TARGET = 11.4;
				LD_RUNPATH_SEARCH_PATHS = "$(inherited) @executable_path/Frameworks";
				PRODUCT_BUNDLE_IDENTIFIER = "io.github.danispringer.Color-Picker";
				PRODUCT_NAME = "$(TARGET_NAME)";
				PROVISIONING_PROFILE_SPECIFIER = "";
				SWIFT_VERSION = 4.2;
				TARGETED_DEVICE_FAMILY = "1,2";
			};
			name = Debug;
		};
		33CF3A98204F084C000823BF /* Release */ = {
			isa = XCBuildConfiguration;
			buildSettings = {
				ASSETCATALOG_COMPILER_APPICON_NAME = AppIcon;
				CODE_SIGN_ENTITLEMENTS = ColorFull/ColorFull.entitlements;
				CODE_SIGN_IDENTITY = "iPhone Developer";
				CODE_SIGN_STYLE = Automatic;
				DEVELOPMENT_TEAM = JMVGHP3288;
				INFOPLIST_FILE = "$(SRCROOT)/ColorFull/Info.plist";
				IPHONEOS_DEPLOYMENT_TARGET = 11.4;
				LD_RUNPATH_SEARCH_PATHS = "$(inherited) @executable_path/Frameworks";
				PRODUCT_BUNDLE_IDENTIFIER = "io.github.danispringer.Color-Picker";
				PRODUCT_NAME = "$(TARGET_NAME)";
				PROVISIONING_PROFILE_SPECIFIER = "";
				SWIFT_VERSION = 4.2;
				TARGETED_DEVICE_FAMILY = "1,2";
			};
			name = Release;
		};
/* End XCBuildConfiguration section */

/* Begin XCConfigurationList section */
		33CF3A7F204F084B000823BF /* Build configuration list for PBXProject "ColorFull" */ = {
			isa = XCConfigurationList;
			buildConfigurations = (
				33CF3A94204F084C000823BF /* Debug */,
				33CF3A95204F084C000823BF /* Release */,
			);
			defaultConfigurationIsVisible = 0;
			defaultConfigurationName = Release;
		};
		33CF3A96204F084C000823BF /* Build configuration list for PBXNativeTarget "ColorFull" */ = {
			isa = XCConfigurationList;
			buildConfigurations = (
				33CF3A97204F084C000823BF /* Debug */,
				33CF3A98204F084C000823BF /* Release */,
			);
			defaultConfigurationIsVisible = 0;
			defaultConfigurationName = Release;
		};
/* End XCConfigurationList section */
	};
	rootObject = 33CF3A7C204F084B000823BF /* Project object */;
}
