// !$*UTF8*$!
{
	archiveVersion = 1;
	classes = {
	};
	objectVersion = 48;
	objects = {

/* Begin PBXBuildFile section */
		332B411B219A3C5400491A87 /* UIImage+Extension.swift in Sources */ = {isa = PBXBuildFile; fileRef = 332B411A219A3C5400491A87 /* UIImage+Extension.swift */; };
		334DEC2420A92DC100B02051 /* String+subscript.swift in Sources */ = {isa = PBXBuildFile; fileRef = 334DEC2320A92DC000B02051 /* String+subscript.swift */; };
		33CF3A88204F084B000823BF /* AppDelegate.swift in Sources */ = {isa = PBXBuildFile; fileRef = 33CF3A87204F084B000823BF /* AppDelegate.swift */; };
		33CF3A8A204F084B000823BF /* MakerViewController.swift in Sources */ = {isa = PBXBuildFile; fileRef = 33CF3A89204F084B000823BF /* MakerViewController.swift */; };
		33CF3A8D204F084B000823BF /* Main.storyboard in Resources */ = {isa = PBXBuildFile; fileRef = 33CF3A8B204F084B000823BF /* Main.storyboard */; };
		33CF3A8F204F084B000823BF /* Assets.xcassets in Resources */ = {isa = PBXBuildFile; fileRef = 33CF3A8E204F084B000823BF /* Assets.xcassets */; };
		33CF3A92204F084B000823BF /* LaunchScreen.storyboard in Resources */ = {isa = PBXBuildFile; fileRef = 33CF3A90204F084B000823BF /* LaunchScreen.storyboard */; };
		33CFDBBB20FAF53D00421535 /* Alert.swift in Sources */ = {isa = PBXBuildFile; fileRef = 33CFDBBA20FAF53D00421535 /* Alert.swift */; };
/* End PBXBuildFile section */

/* Begin PBXCopyFilesBuildPhase section */
		33CD2A3E20FAE636004A4CB3 /* Embed App Extensions */ = {
			isa = PBXCopyFilesBuildPhase;
			buildActionMask = 2147483647;
			dstPath = "";
			dstSubfolderSpec = 13;
			files = (
			);
			name = "Embed App Extensions";
			runOnlyForDeploymentPostprocessing = 0;
		};
/* End PBXCopyFilesBuildPhase section */

/* Begin PBXFileReference section */
		332B411A219A3C5400491A87 /* UIImage+Extension.swift */ = {isa = PBXFileReference; fileEncoding = 4; lastKnownFileType = sourcecode.swift; name = "UIImage+Extension.swift"; path = "../../../primes-fun/Primes Fun/Model/UIImage+Extension.swift"; sourceTree = "<group>"; };
		334DEC2320A92DC000B02051 /* String+subscript.swift */ = {isa = PBXFileReference; lastKnownFileType = sourcecode.swift; path = "String+subscript.swift"; sourceTree = "<group>"; };
		33CF3A84204F084B000823BF /* ColorFull Picker.app */ = {isa = PBXFileReference; explicitFileType = wrapper.application; includeInIndex = 0; path = "ColorFull Picker.app"; sourceTree = BUILT_PRODUCTS_DIR; };
		33CF3A87204F084B000823BF /* AppDelegate.swift */ = {isa = PBXFileReference; lastKnownFileType = sourcecode.swift; path = AppDelegate.swift; sourceTree = "<group>"; };
		33CF3A89204F084B000823BF /* MakerViewController.swift */ = {isa = PBXFileReference; lastKnownFileType = sourcecode.swift; path = MakerViewController.swift; sourceTree = "<group>"; };
		33CF3A8C204F084B000823BF /* Base */ = {isa = PBXFileReference; lastKnownFileType = file.storyboard; name = Base; path = Base.lproj/Main.storyboard; sourceTree = "<group>"; };
		33CF3A8E204F084B000823BF /* Assets.xcassets */ = {isa = PBXFileReference; lastKnownFileType = folder.assetcatalog; path = Assets.xcassets; sourceTree = "<group>"; };
		33CF3A91204F084B000823BF /* Base */ = {isa = PBXFileReference; lastKnownFileType = file.storyboard; name = Base; path = Base.lproj/LaunchScreen.storyboard; sourceTree = "<group>"; };
		33CF3A93204F084C000823BF /* Info.plist */ = {isa = PBXFileReference; lastKnownFileType = text.plist.xml; path = Info.plist; sourceTree = "<group>"; };
		33CFDBBA20FAF53D00421535 /* Alert.swift */ = {isa = PBXFileReference; lastKnownFileType = sourcecode.swift; path = Alert.swift; sourceTree = "<group>"; };
/* End PBXFileReference section */

/* Begin PBXFrameworksBuildPhase section */
		33CF3A81204F084B000823BF /* Frameworks */ = {
			isa = PBXFrameworksBuildPhase;
			buildActionMask = 2147483647;
			files = (
			);
			runOnlyForDeploymentPostprocessing = 0;
		};
/* End PBXFrameworksBuildPhase section */

/* Begin PBXGroup section */
		33CD2A2B20FADE9A004A4CB3 /* Model */ = {
			isa = PBXGroup;
			children = (
				332B411A219A3C5400491A87 /* UIImage+Extension.swift */,
				334DEC2320A92DC000B02051 /* String+subscript.swift */,
				33CFDBBA20FAF53D00421535 /* Alert.swift */,
			);
			path = Model;
			sourceTree = "<group>";
		};
		33CD2A2C20FADF02004A4CB3 /* Controller */ = {
			isa = PBXGroup;
			children = (
				33CF3A89204F084B000823BF /* MakerViewController.swift */,
			);
			path = Controller;
			sourceTree = "<group>";
		};
		33CD2A2D20FADF1E004A4CB3 /* Storyboards */ = {
			isa = PBXGroup;
			children = (
				33CF3A8B204F084B000823BF /* Main.storyboard */,
				33CF3A90204F084B000823BF /* LaunchScreen.storyboard */,
			);
			path = Storyboards;
			sourceTree = "<group>";
		};
		33CD2A2E20FADF3D004A4CB3 /* Assets */ = {
			isa = PBXGroup;
			children = (
				33CF3A8E204F084B000823BF /* Assets.xcassets */,
			);
			path = Assets;
			sourceTree = "<group>";
		};
		33CF3A7B204F084B000823BF = {
			isa = PBXGroup;
			children = (
				33CF3A86204F084B000823BF /* ColorFull Picker */,
				33CF3A85204F084B000823BF /* Products */,
			);
			sourceTree = "<group>";
		};
		33CF3A85204F084B000823BF /* Products */ = {
			isa = PBXGroup;
			children = (
				33CF3A84204F084B000823BF /* ColorFull Picker.app */,
			);
			name = Products;
			sourceTree = "<group>";
		};
		33CF3A86204F084B000823BF /* ColorFull Picker */ = {
			isa = PBXGroup;
			children = (
				33CF3A87204F084B000823BF /* AppDelegate.swift */,
				33CD2A2B20FADE9A004A4CB3 /* Model */,
				33CD2A2C20FADF02004A4CB3 /* Controller */,
				33CD2A2D20FADF1E004A4CB3 /* Storyboards */,
				33CD2A2E20FADF3D004A4CB3 /* Assets */,
				33CF3A93204F084C000823BF /* Info.plist */,
			);
			path = "ColorFull Picker";
			sourceTree = "<group>";
		};
/* End PBXGroup section */

/* Begin PBXNativeTarget section */
		33CF3A83204F084B000823BF /* ColorFull Picker */ = {
			isa = PBXNativeTarget;
			buildConfigurationList = 33CF3A96204F084C000823BF /* Build configuration list for PBXNativeTarget "ColorFull Picker" */;
			buildPhases = (
				33CF3A80204F084B000823BF /* Sources */,
				33CF3A81204F084B000823BF /* Frameworks */,
				33CF3A82204F084B000823BF /* Resources */,
				33CD2A3E20FAE636004A4CB3 /* Embed App Extensions */,
			);
			buildRules = (
			);
			dependencies = (
			);
			name = "ColorFull Picker";
			productName = "Color Maker";
			productReference = 33CF3A84204F084B000823BF /* ColorFull Picker.app */;
			productType = "com.apple.product-type.application";
		};
/* End PBXNativeTarget section */

/* Begin PBXProject section */
		33CF3A7C204F084B000823BF /* Project object */ = {
			isa = PBXProject;
			attributes = {
				LastSwiftUpdateCheck = 0940;
				LastUpgradeCheck = 0930;
				ORGANIZATIONNAME = "Dani Springer";
				TargetAttributes = {
					33CF3A83204F084B000823BF = {
						CreatedOnToolsVersion = 9.2;
						LastSwiftMigration = 1000;
						ProvisioningStyle = Automatic;
					};
				};
			};
			buildConfigurationList = 33CF3A7F204F084B000823BF /* Build configuration list for PBXProject "ColorFull Picker" */;
			compatibilityVersion = "Xcode 8.0";
			developmentRegion = en;
			hasScannedForEncodings = 0;
			knownRegions = (
				en,
				Base,
			);
			mainGroup = 33CF3A7B204F084B000823BF;
			productRefGroup = 33CF3A85204F084B000823BF /* Products */;
			projectDirPath = "";
			projectRoot = "";
			targets = (
				33CF3A83204F084B000823BF /* ColorFull Picker */,
			);
		};
/* End PBXProject section */

/* Begin PBXResourcesBuildPhase section */
		33CF3A82204F084B000823BF /* Resources */ = {
			isa = PBXResourcesBuildPhase;
			buildActionMask = 2147483647;
			files = (
				33CF3A92204F084B000823BF /* LaunchScreen.storyboard in Resources */,
				33CF3A8F204F084B000823BF /* Assets.xcassets in Resources */,
				33CF3A8D204F084B000823BF /* Main.storyboard in Resources */,
			);
			runOnlyForDeploymentPostprocessing = 0;
		};
/* End PBXResourcesBuildPhase section */

/* Begin PBXSourcesBuildPhase section */
		33CF3A80204F084B000823BF /* Sources */ = {
			isa = PBXSourcesBuildPhase;
			buildActionMask = 2147483647;
			files = (
				332B411B219A3C5400491A87 /* UIImage+Extension.swift in Sources */,
				33CF3A8A204F084B000823BF /* MakerViewController.swift in Sources */,
				33CF3A88204F084B000823BF /* AppDelegate.swift in Sources */,
				33CFDBBB20FAF53D00421535 /* Alert.swift in Sources */,
				334DEC2420A92DC100B02051 /* String+subscript.swift in Sources */,
			);
			runOnlyForDeploymentPostprocessing = 0;
		};
/* End PBXSourcesBuildPhase section */

/* Begin PBXVariantGroup section */
		33CF3A8B204F084B000823BF /* Main.storyboard */ = {
			isa = PBXVariantGroup;
			children = (
				33CF3A8C204F084B000823BF /* Base */,
			);
			name = Main.storyboard;
			sourceTree = "<group>";
		};
		33CF3A90204F084B000823BF /* LaunchScreen.storyboard */ = {
			isa = PBXVariantGroup;
			children = (
				33CF3A91204F084B000823BF /* Base */,
			);
			name = LaunchScreen.storyboard;
			sourceTree = "<group>";
		};
/* End PBXVariantGroup section */

/* Begin XCBuildConfiguration section */
		33CF3A94204F084C000823BF /* Debug */ = {
			isa = XCBuildConfiguration;
			buildSettings = {
				ALWAYS_SEARCH_USER_PATHS = NO;
				CLANG_ANALYZER_NONNULL = YES;
				CLANG_ANALYZER_NUMBER_OBJECT_CONVERSION = YES_AGGRESSIVE;
				CLANG_CXX_LANGUAGE_STANDARD = "gnu++14";
				CLANG_CXX_LIBRARY = "libc++";
				CLANG_ENABLE_MODULES = YES;
				CLANG_ENABLE_OBJC_ARC = YES;
				CLANG_WARN_BLOCK_CAPTURE_AUTORELEASING = YES;
				CLANG_WARN_BOOL_CONVERSION = YES;
				CLANG_WARN_COMMA = YES;
				CLANG_WARN_CONSTANT_CONVERSION = YES;
				CLANG_WARN_DEPRECATED_OBJC_IMPLEMENTATIONS = YES;
				CLANG_WARN_DIRECT_OBJC_ISA_USAGE = YES_ERROR;
				CLANG_WARN_DOCUMENTATION_COMMENTS = YES;
				CLANG_WARN_EMPTY_BODY = YES;
				CLANG_WARN_ENUM_CONVERSION = YES;
				CLANG_WARN_INFINITE_RECURSION = YES;
				CLANG_WARN_INT_CONVERSION = YES;
				CLANG_WARN_NON_LITERAL_NULL_CONVERSION = YES;
				CLANG_WARN_OBJC_IMPLICIT_RETAIN_SELF = YES;
				CLANG_WARN_OBJC_LITERAL_CONVERSION = YES;
				CLANG_WARN_OBJC_ROOT_CLASS = YES_ERROR;
				CLANG_WARN_RANGE_LOOP_ANALYSIS = YES;
				CLANG_WARN_STRICT_PROTOTYPES = YES;
				CLANG_WARN_SUSPICIOUS_MOVE = YES;
				CLANG_WARN_UNGUARDED_AVAILABILITY = YES_AGGRESSIVE;
				CLANG_WARN_UNREACHABLE_CODE = YES;
				CLANG_WARN__DUPLICATE_METHOD_MATCH = YES;
				CODE_SIGN_IDENTITY = "iPhone Developer";
				COPY_PHASE_STRIP = NO;
				DEBUG_INFORMATION_FORMAT = dwarf;
				ENABLE_STRICT_OBJC_MSGSEND = YES;
				ENABLE_TESTABILITY = YES;
				GCC_C_LANGUAGE_STANDARD = gnu11;
				GCC_DYNAMIC_NO_PIC = NO;
				GCC_NO_COMMON_BLOCKS = YES;
				GCC_OPTIMIZATION_LEVEL = 0;
				GCC_PREPROCESSOR_DEFINITIONS = (
					"DEBUG=1",
					"$(inherited)",
				);
				GCC_WARN_64_TO_32_BIT_CONVERSION = YES;
				GCC_WARN_ABOUT_RETURN_TYPE = YES_ERROR;
				GCC_WARN_UNDECLARED_SELECTOR = YES;
				GCC_WARN_UNINITIALIZED_AUTOS = YES_AGGRESSIVE;
				GCC_WARN_UNUSED_FUNCTION = YES;
				GCC_WARN_UNUSED_VARIABLE = YES;
				IPHONEOS_DEPLOYMENT_TARGET = 11.0;
				MTL_ENABLE_DEBUG_INFO = YES;
				ONLY_ACTIVE_ARCH = YES;
				SDKROOT = iphoneos;
				SWIFT_ACTIVE_COMPILATION_CONDITIONS = DEBUG;
				SWIFT_OPTIMIZATION_LEVEL = "-Onone";
			};
			name = Debug;
		};
		33CF3A95204F084C000823BF /* Release */ = {
			isa = XCBuildConfiguration;
			buildSettings = {
				ALWAYS_SEARCH_USER_PATHS = NO;
				CLANG_ANALYZER_NONNULL = YES;
				CLANG_ANALYZER_NUMBER_OBJECT_CONVERSION = YES_AGGRESSIVE;
				CLANG_CXX_LANGUAGE_STANDARD = "gnu++14";
				CLANG_CXX_LIBRARY = "libc++";
				CLANG_ENABLE_MODULES = YES;
				CLANG_ENABLE_OBJC_ARC = YES;
				CLANG_WARN_BLOCK_CAPTURE_AUTORELEASING = YES;
				CLANG_WARN_BOOL_CONVERSION = YES;
				CLANG_WARN_COMMA = YES;
				CLANG_WARN_CONSTANT_CONVERSION = YES;
				CLANG_WARN_DEPRECATED_OBJC_IMPLEMENTATIONS = YES;
				CLANG_WARN_DIRECT_OBJC_ISA_USAGE = YES_ERROR;
				CLANG_WARN_DOCUMENTATION_COMMENTS = YES;
				CLANG_WARN_EMPTY_BODY = YES;
				CLANG_WARN_ENUM_CONVERSION = YES;
				CLANG_WARN_INFINITE_RECURSION = YES;
				CLANG_WARN_INT_CONVERSION = YES;
				CLANG_WARN_NON_LITERAL_NULL_CONVERSION = YES;
				CLANG_WARN_OBJC_IMPLICIT_RETAIN_SELF = YES;
				CLANG_WARN_OBJC_LITERAL_CONVERSION = YES;
				CLANG_WARN_OBJC_ROOT_CLASS = YES_ERROR;
				CLANG_WARN_RANGE_LOOP_ANALYSIS = YES;
				CLANG_WARN_STRICT_PROTOTYPES = YES;
				CLANG_WARN_SUSPICIOUS_MOVE = YES;
				CLANG_WARN_UNGUARDED_AVAILABILITY = YES_AGGRESSIVE;
				CLANG_WARN_UNREACHABLE_CODE = YES;
				CLANG_WARN__DUPLICATE_METHOD_MATCH = YES;
				CODE_SIGN_IDENTITY = "iPhone Developer";
				COPY_PHASE_STRIP = NO;
				DEBUG_INFORMATION_FORMAT = "dwarf-with-dsym";
				ENABLE_NS_ASSERTIONS = NO;
				ENABLE_STRICT_OBJC_MSGSEND = YES;
				GCC_C_LANGUAGE_STANDARD = gnu11;
				GCC_NO_COMMON_BLOCKS = YES;
				GCC_WARN_64_TO_32_BIT_CONVERSION = YES;
				GCC_WARN_ABOUT_RETURN_TYPE = YES_ERROR;
				GCC_WARN_UNDECLARED_SELECTOR = YES;
				GCC_WARN_UNINITIALIZED_AUTOS = YES_AGGRESSIVE;
				GCC_WARN_UNUSED_FUNCTION = YES;
				GCC_WARN_UNUSED_VARIABLE = YES;
				IPHONEOS_DEPLOYMENT_TARGET = 11.0;
				MTL_ENABLE_DEBUG_INFO = NO;
				SDKROOT = iphoneos;
				SWIFT_OPTIMIZATION_LEVEL = "-Owholemodule";
				VALIDATE_PRODUCT = YES;
			};
			name = Release;
		};
		33CF3A97204F084C000823BF /* Debug */ = {
			isa = XCBuildConfiguration;
			buildSettings = {
				ASSETCATALOG_COMPILER_APPICON_NAME = AppIcon;
				CODE_SIGN_STYLE = Automatic;
				DEVELOPMENT_TEAM = JMVGHP3288;
				INFOPLIST_FILE = "$(SRCROOT)/ColorFull Picker/Info.plist";
				IPHONEOS_DEPLOYMENT_TARGET = 11.0;
				LD_RUNPATH_SEARCH_PATHS = "$(inherited) @executable_path/Frameworks";
				PRODUCT_BUNDLE_IDENTIFIER = "io.github.danispringer.Color-Picker";
				PRODUCT_NAME = "$(TARGET_NAME)";
				SWIFT_VERSION = 4.2;
				TARGETED_DEVICE_FAMILY = "1,2";
			};
			name = Debug;
		};
		33CF3A98204F084C000823BF /* Release */ = {
			isa = XCBuildConfiguration;
			buildSettings = {
				ASSETCATALOG_COMPILER_APPICON_NAME = AppIcon;
				CODE_SIGN_STYLE = Automatic;
				DEVELOPMENT_TEAM = JMVGHP3288;
				INFOPLIST_FILE = "$(SRCROOT)/ColorFull Picker/Info.plist";
				IPHONEOS_DEPLOYMENT_TARGET = 11.0;
				LD_RUNPATH_SEARCH_PATHS = "$(inherited) @executable_path/Frameworks";
				PRODUCT_BUNDLE_IDENTIFIER = "io.github.danispringer.Color-Picker";
				PRODUCT_NAME = "$(TARGET_NAME)";
				SWIFT_VERSION = 4.2;
				TARGETED_DEVICE_FAMILY = "1,2";
			};
			name = Release;
		};
/* End XCBuildConfiguration section */

/* Begin XCConfigurationList section */
		33CF3A7F204F084B000823BF /* Build configuration list for PBXProject "ColorFull Picker" */ = {
			isa = XCConfigurationList;
			buildConfigurations = (
				33CF3A94204F084C000823BF /* Debug */,
				33CF3A95204F084C000823BF /* Release */,
			);
			defaultConfigurationIsVisible = 0;
			defaultConfigurationName = Release;
		};
		33CF3A96204F084C000823BF /* Build configuration list for PBXNativeTarget "ColorFull Picker" */ = {
			isa = XCConfigurationList;
			buildConfigurations = (
				33CF3A97204F084C000823BF /* Debug */,
				33CF3A98204F084C000823BF /* Release */,
			);
			defaultConfigurationIsVisible = 0;
			defaultConfigurationName = Release;
		};
/* End XCConfigurationList section */
	};
	rootObject = 33CF3A7C204F084B000823BF /* Project object */;
}
